
Microsoft Visual Studio Solution File, Format Version 12.00
# Visual Studio Version 16
VisualStudioVersion = 16.0.31727.386
MinimumVisualStudioVersion = 10.0.40219.1
Project("{8BC9CEB8-8B4A-11D0-8D11-00A0C91BC942}") = "Application", "Application\Application.vcxproj", "{83F0C406-D399-477A-8AB0-F90D304B072F}"
EndProject
Project("{8BC9CEB8-8B4A-11D0-8D11-00A0C91BC942}") = "Engine", "Engine\Engine.vcxproj", "{1DFA0713-1563-4733-B04E-0B086BECDEBD}"
EndProject
Global
	GlobalSection(SolutionConfigurationPlatforms) = preSolution
		Debug|x64 = Debug|x64
		Release|x64 = Release|x64
	EndGlobalSection
	GlobalSection(ProjectConfigurationPlatforms) = postSolution
		{83F0C406-D399-477A-8AB0-F90D304B072F}.Debug|x64.ActiveCfg = Debug|x64
		{83F0C406-D399-477A-8AB0-F90D304B072F}.Debug|x64.Build.0 = Debug|x64
		{83F0C406-D399-477A-8AB0-F90D304B072F}.Release|x64.ActiveCfg = Release|x64
		{83F0C406-D399-477A-8AB0-F90D304B072F}.Release|x64.Build.0 = Release|x64
		{1DFA0713-1563-4733-B04E-0B086BECDEBD}.Debug|x64.ActiveCfg = Debug|x64
		{1DFA0713-1563-4733-B04E-0B086BECDEBD}.Debug|x64.Build.0 = Debug|x64
		{1DFA0713-1563-4733-B04E-0B086BECDEBD}.Release|x64.ActiveCfg = Release|x64
		{1DFA0713-1563-4733-B04E-0B086BECDEBD}.Release|x64.Build.0 = Release|x64
	EndGlobalSection
	GlobalSection(SolutionProperties) = preSolution
		HideSolutionNode = FALSE
	EndGlobalSection
	GlobalSection(ExtensibilityGlobals) = postSolution
		SolutionGuid = {CA298944-4518-4460-86B4-151B3DBFEAF1}
	EndGlobalSection
EndGlobal
